
Microsoft Visual Studio Solution File, Format Version 12.00
# Visual Studio Version 16
VisualStudioVersion = 16.0.30225.117
MinimumVisualStudioVersion = 10.0.40219.1
Project("{9A19103F-16F7-4668-BE54-9A1E7A4F7556}") = "QueueLogic", "QueueLogic\QueueLogic.csproj", "{932BF215-417D-4F39-891E-45447A56EEFC}"
EndProject
Project("{9A19103F-16F7-4668-BE54-9A1E7A4F7556}") = "Auth.Contracts", "Auth.Contracts\Auth.Contracts.csproj", "{98C4B896-E35C-448F-8946-EA43BD3F4833}"
EndProject
Project("{9A19103F-16F7-4668-BE54-9A1E7A4F7556}") = "Broker.Api", "Broker.Api\Broker.Api.csproj", "{A1A8375B-B7AD-4ED6-B82C-A0121D9355B0}"
EndProject
Project("{9A19103F-16F7-4668-BE54-9A1E7A4F7556}") = "Auth.Service", "Auth.Service\Auth.Service.csproj", "{E363A2A4-7B72-4C8B-B7B3-666B9EEFBC1B}"
EndProject
Project("{9A19103F-16F7-4668-BE54-9A1E7A4F7556}") = "DataAccess", "DataAccess\DataAccess.csproj", "{441A4813-2AF6-4DBF-8AE6-ADBB16C25F4B}"
EndProject
Project("{9A19103F-16F7-4668-BE54-9A1E7A4F7556}") = "Starter", "Starter\Starter.csproj", "{1A139B2A-75E8-40D8-8485-14D25FB79016}"
EndProject
Project("{9A19103F-16F7-4668-BE54-9A1E7A4F7556}") = "Photo.Contracts", "Photo.Contracts\Photo.Contracts.csproj", "{E2422D77-9D2C-4B37-8B58-DB6BFFB02FF8}"
EndProject
Project("{9A19103F-16F7-4668-BE54-9A1E7A4F7556}") = "Photo.Service", "Photo.Service\Photo.Service.csproj", "{ACDA99B3-1797-4CD4-BE63-A6D50D66A6BE}"
EndProject
Project("{9A19103F-16F7-4668-BE54-9A1E7A4F7556}") = "Service.Common", "Service.Common\Service.Common.csproj", "{8A534DAB-8698-48C7-94FB-8DE6C3F16B19}"
EndProject
Project("{2150E333-8FDC-42A3-9474-1A3956D46DE8}") = "Common", "Common", "{63B7C063-5FEF-4AE6-8187-B2E8998F314C}"
EndProject
Project("{2150E333-8FDC-42A3-9474-1A3956D46DE8}") = "Auth", "Auth", "{07BB369C-72ED-4819-847B-DDD5C3292275}"
EndProject
Project("{2150E333-8FDC-42A3-9474-1A3956D46DE8}") = "Photo", "Photo", "{BF5BE6FF-343C-46FF-B1E2-B396E732A2CC}"
EndProject
Project("{2150E333-8FDC-42A3-9474-1A3956D46DE8}") = "Clients", "Clients", "{5296E089-CCDB-4412-9E37-313E1C447A65}"
EndProject
Project("{9092AA53-FB77-4645-B42D-1CCCA6BD08BD}") = "WebClientVueJs", "WebClientVueJs\WebClientVueJs.njsproj", "{0A9D85CA-59B7-42D9-99B6-BB1B607A86AA}"
EndProject
Global
	GlobalSection(SolutionConfigurationPlatforms) = preSolution
		Debug|Any CPU = Debug|Any CPU
		Release|Any CPU = Release|Any CPU
	EndGlobalSection
	GlobalSection(ProjectConfigurationPlatforms) = postSolution
		{932BF215-417D-4F39-891E-45447A56EEFC}.Debug|Any CPU.ActiveCfg = Debug|Any CPU
		{932BF215-417D-4F39-891E-45447A56EEFC}.Debug|Any CPU.Build.0 = Debug|Any CPU
		{932BF215-417D-4F39-891E-45447A56EEFC}.Release|Any CPU.ActiveCfg = Release|Any CPU
		{932BF215-417D-4F39-891E-45447A56EEFC}.Release|Any CPU.Build.0 = Release|Any CPU
		{98C4B896-E35C-448F-8946-EA43BD3F4833}.Debug|Any CPU.ActiveCfg = Debug|Any CPU
		{98C4B896-E35C-448F-8946-EA43BD3F4833}.Debug|Any CPU.Build.0 = Debug|Any CPU
		{98C4B896-E35C-448F-8946-EA43BD3F4833}.Release|Any CPU.ActiveCfg = Release|Any CPU
		{98C4B896-E35C-448F-8946-EA43BD3F4833}.Release|Any CPU.Build.0 = Release|Any CPU
		{A1A8375B-B7AD-4ED6-B82C-A0121D9355B0}.Debug|Any CPU.ActiveCfg = Debug|Any CPU
		{A1A8375B-B7AD-4ED6-B82C-A0121D9355B0}.Debug|Any CPU.Build.0 = Debug|Any CPU
		{A1A8375B-B7AD-4ED6-B82C-A0121D9355B0}.Release|Any CPU.ActiveCfg = Release|Any CPU
		{A1A8375B-B7AD-4ED6-B82C-A0121D9355B0}.Release|Any CPU.Build.0 = Release|Any CPU
		{E363A2A4-7B72-4C8B-B7B3-666B9EEFBC1B}.Debug|Any CPU.ActiveCfg = Debug|Any CPU
		{E363A2A4-7B72-4C8B-B7B3-666B9EEFBC1B}.Debug|Any CPU.Build.0 = Debug|Any CPU
		{E363A2A4-7B72-4C8B-B7B3-666B9EEFBC1B}.Release|Any CPU.ActiveCfg = Release|Any CPU
		{E363A2A4-7B72-4C8B-B7B3-666B9EEFBC1B}.Release|Any CPU.Build.0 = Release|Any CPU
		{441A4813-2AF6-4DBF-8AE6-ADBB16C25F4B}.Debug|Any CPU.ActiveCfg = Debug|Any CPU
		{441A4813-2AF6-4DBF-8AE6-ADBB16C25F4B}.Debug|Any CPU.Build.0 = Debug|Any CPU
		{441A4813-2AF6-4DBF-8AE6-ADBB16C25F4B}.Release|Any CPU.ActiveCfg = Release|Any CPU
		{441A4813-2AF6-4DBF-8AE6-ADBB16C25F4B}.Release|Any CPU.Build.0 = Release|Any CPU
		{1A139B2A-75E8-40D8-8485-14D25FB79016}.Debug|Any CPU.ActiveCfg = Debug|Any CPU
		{1A139B2A-75E8-40D8-8485-14D25FB79016}.Debug|Any CPU.Build.0 = Debug|Any CPU
		{1A139B2A-75E8-40D8-8485-14D25FB79016}.Release|Any CPU.ActiveCfg = Release|Any CPU
		{1A139B2A-75E8-40D8-8485-14D25FB79016}.Release|Any CPU.Build.0 = Release|Any CPU
		{E2422D77-9D2C-4B37-8B58-DB6BFFB02FF8}.Debug|Any CPU.ActiveCfg = Debug|Any CPU
		{E2422D77-9D2C-4B37-8B58-DB6BFFB02FF8}.Debug|Any CPU.Build.0 = Debug|Any CPU
		{E2422D77-9D2C-4B37-8B58-DB6BFFB02FF8}.Release|Any CPU.ActiveCfg = Release|Any CPU
		{E2422D77-9D2C-4B37-8B58-DB6BFFB02FF8}.Release|Any CPU.Build.0 = Release|Any CPU
		{ACDA99B3-1797-4CD4-BE63-A6D50D66A6BE}.Debug|Any CPU.ActiveCfg = Debug|Any CPU
		{ACDA99B3-1797-4CD4-BE63-A6D50D66A6BE}.Debug|Any CPU.Build.0 = Debug|Any CPU
		{ACDA99B3-1797-4CD4-BE63-A6D50D66A6BE}.Release|Any CPU.ActiveCfg = Release|Any CPU
		{ACDA99B3-1797-4CD4-BE63-A6D50D66A6BE}.Release|Any CPU.Build.0 = Release|Any CPU
		{8A534DAB-8698-48C7-94FB-8DE6C3F16B19}.Debug|Any CPU.ActiveCfg = Debug|Any CPU
		{8A534DAB-8698-48C7-94FB-8DE6C3F16B19}.Debug|Any CPU.Build.0 = Debug|Any CPU
		{8A534DAB-8698-48C7-94FB-8DE6C3F16B19}.Release|Any CPU.ActiveCfg = Release|Any CPU
		{8A534DAB-8698-48C7-94FB-8DE6C3F16B19}.Release|Any CPU.Build.0 = Release|Any CPU
		{0A9D85CA-59B7-42D9-99B6-BB1B607A86AA}.Debug|Any CPU.ActiveCfg = Debug|Any CPU
		{0A9D85CA-59B7-42D9-99B6-BB1B607A86AA}.Debug|Any CPU.Build.0 = Debug|Any CPU
		{0A9D85CA-59B7-42D9-99B6-BB1B607A86AA}.Release|Any CPU.ActiveCfg = Release|Any CPU
		{0A9D85CA-59B7-42D9-99B6-BB1B607A86AA}.Release|Any CPU.Build.0 = Release|Any CPU
	EndGlobalSection
	GlobalSection(SolutionProperties) = preSolution
		HideSolutionNode = FALSE
	EndGlobalSection
	GlobalSection(NestedProjects) = preSolution
		{932BF215-417D-4F39-891E-45447A56EEFC} = {63B7C063-5FEF-4AE6-8187-B2E8998F314C}
		{98C4B896-E35C-448F-8946-EA43BD3F4833} = {07BB369C-72ED-4819-847B-DDD5C3292275}
		{E363A2A4-7B72-4C8B-B7B3-666B9EEFBC1B} = {07BB369C-72ED-4819-847B-DDD5C3292275}
		{441A4813-2AF6-4DBF-8AE6-ADBB16C25F4B} = {63B7C063-5FEF-4AE6-8187-B2E8998F314C}
		{E2422D77-9D2C-4B37-8B58-DB6BFFB02FF8} = {BF5BE6FF-343C-46FF-B1E2-B396E732A2CC}
		{ACDA99B3-1797-4CD4-BE63-A6D50D66A6BE} = {BF5BE6FF-343C-46FF-B1E2-B396E732A2CC}
		{8A534DAB-8698-48C7-94FB-8DE6C3F16B19} = {63B7C063-5FEF-4AE6-8187-B2E8998F314C}
		{0A9D85CA-59B7-42D9-99B6-BB1B607A86AA} = {5296E089-CCDB-4412-9E37-313E1C447A65}
	EndGlobalSection
	GlobalSection(ExtensibilityGlobals) = postSolution
		SolutionGuid = {52821D7F-A86E-4784-9637-F090A53C4F27}
	EndGlobalSection
EndGlobal
